
Microsoft Visual Studio Solution File, Format Version 12.00
# Visual Studio Version 17
VisualStudioVersion = 17.14.36414.22 d17.14
MinimumVisualStudioVersion = 10.0.40219.1
Project("{FAE04EC0-301F-11D3-BF4B-00C04F79EFBC}") = "praktik7.2_fungsi_vinasukasih_xpplg1", "praktik7.2_fungsi_vinasukasih_xpplg1.csproj", "{8906BFA2-B115-4F33-871D-83825C166EDF}"
EndProject
Global
	GlobalSection(SolutionConfigurationPlatforms) = preSolution
		Debug|Any CPU = Debug|Any CPU
		Release|Any CPU = Release|Any CPU
	EndGlobalSection
	GlobalSection(ProjectConfigurationPlatforms) = postSolution
		{8906BFA2-B115-4F33-871D-83825C166EDF}.Debug|Any CPU.ActiveCfg = Debug|Any CPU
		{8906BFA2-B115-4F33-871D-83825C166EDF}.Debug|Any CPU.Build.0 = Debug|Any CPU
		{8906BFA2-B115-4F33-871D-83825C166EDF}.Release|Any CPU.ActiveCfg = Release|Any CPU
		{8906BFA2-B115-4F33-871D-83825C166EDF}.Release|Any CPU.Build.0 = Release|Any CPU
	EndGlobalSection
	GlobalSection(SolutionProperties) = preSolution
		HideSolutionNode = FALSE
	EndGlobalSection
	GlobalSection(ExtensibilityGlobals) = postSolution
		SolutionGuid = {C4A858CE-2DB4-40F6-8857-04530885BD1F}
	EndGlobalSection
EndGlobal
