
Microsoft Visual Studio Solution File, Format Version 12.00
# Visual Studio Version 17
VisualStudioVersion = 17.14.36414.22 d17.14
MinimumVisualStudioVersion = 10.0.40219.1
Project("{FAE04EC0-301F-11D3-BF4B-00C04F79EFBC}") = "praktik6.2_vinasukasih_xpplg1", "praktik6.2_vinasukasih_xpplg1.csproj", "{FF9AC15D-25F1-4502-999E-C3B736AD0C16}"
EndProject
Global
	GlobalSection(SolutionConfigurationPlatforms) = preSolution
		Debug|Any CPU = Debug|Any CPU
		Release|Any CPU = Release|Any CPU
	EndGlobalSection
	GlobalSection(ProjectConfigurationPlatforms) = postSolution
		{FF9AC15D-25F1-4502-999E-C3B736AD0C16}.Debug|Any CPU.ActiveCfg = Debug|Any CPU
		{FF9AC15D-25F1-4502-999E-C3B736AD0C16}.Debug|Any CPU.Build.0 = Debug|Any CPU
		{FF9AC15D-25F1-4502-999E-C3B736AD0C16}.Release|Any CPU.ActiveCfg = Release|Any CPU
		{FF9AC15D-25F1-4502-999E-C3B736AD0C16}.Release|Any CPU.Build.0 = Release|Any CPU
	EndGlobalSection
	GlobalSection(SolutionProperties) = preSolution
		HideSolutionNode = FALSE
	EndGlobalSection
	GlobalSection(ExtensibilityGlobals) = postSolution
		SolutionGuid = {BF9BF09C-6E30-41F8-91D6-57FDFB0E71A9}
	EndGlobalSection
EndGlobal
