
Microsoft Visual Studio Solution File, Format Version 12.00
# Visual Studio Version 17
VisualStudioVersion = 17.14.36414.22 d17.14
MinimumVisualStudioVersion = 10.0.40219.1
Project("{FAE04EC0-301F-11D3-BF4B-00C04F79EFBC}") = "praktik6.3_vinasukasih_xpplg1", "praktik6.3_vinasukasih_xpplg1.csproj", "{174A0A1D-C15A-47A2-A50F-A5799D4FFA77}"
EndProject
Global
	GlobalSection(SolutionConfigurationPlatforms) = preSolution
		Debug|Any CPU = Debug|Any CPU
		Release|Any CPU = Release|Any CPU
	EndGlobalSection
	GlobalSection(ProjectConfigurationPlatforms) = postSolution
		{174A0A1D-C15A-47A2-A50F-A5799D4FFA77}.Debug|Any CPU.ActiveCfg = Debug|Any CPU
		{174A0A1D-C15A-47A2-A50F-A5799D4FFA77}.Debug|Any CPU.Build.0 = Debug|Any CPU
		{174A0A1D-C15A-47A2-A50F-A5799D4FFA77}.Release|Any CPU.ActiveCfg = Release|Any CPU
		{174A0A1D-C15A-47A2-A50F-A5799D4FFA77}.Release|Any CPU.Build.0 = Release|Any CPU
	EndGlobalSection
	GlobalSection(SolutionProperties) = preSolution
		HideSolutionNode = FALSE
	EndGlobalSection
	GlobalSection(ExtensibilityGlobals) = postSolution
		SolutionGuid = {3B575300-B8C1-42E1-987B-A8D302F815EB}
	EndGlobalSection
EndGlobal
