
Microsoft Visual Studio Solution File, Format Version 12.00
# Visual Studio Version 17
VisualStudioVersion = 17.14.36414.22 d17.14
MinimumVisualStudioVersion = 10.0.40219.1
Project("{FAE04EC0-301F-11D3-BF4B-00C04F79EFBC}") = "hitung_luas_vinasukasih_xpplg1", "hitung_luas_vinasukasih_xpplg1.csproj", "{5D7C3DD6-BAA6-488D-B36D-4268B23C0C10}"
EndProject
Global
	GlobalSection(SolutionConfigurationPlatforms) = preSolution
		Debug|Any CPU = Debug|Any CPU
		Release|Any CPU = Release|Any CPU
	EndGlobalSection
	GlobalSection(ProjectConfigurationPlatforms) = postSolution
		{5D7C3DD6-BAA6-488D-B36D-4268B23C0C10}.Debug|Any CPU.ActiveCfg = Debug|Any CPU
		{5D7C3DD6-BAA6-488D-B36D-4268B23C0C10}.Debug|Any CPU.Build.0 = Debug|Any CPU
		{5D7C3DD6-BAA6-488D-B36D-4268B23C0C10}.Release|Any CPU.ActiveCfg = Release|Any CPU
		{5D7C3DD6-BAA6-488D-B36D-4268B23C0C10}.Release|Any CPU.Build.0 = Release|Any CPU
	EndGlobalSection
	GlobalSection(SolutionProperties) = preSolution
		HideSolutionNode = FALSE
	EndGlobalSection
	GlobalSection(ExtensibilityGlobals) = postSolution
		SolutionGuid = {035A7387-A974-4612-8354-9C6368A9DC51}
	EndGlobalSection
EndGlobal
