
Microsoft Visual Studio Solution File, Format Version 12.00
# Visual Studio Version 17
VisualStudioVersion = 17.14.36414.22 d17.14
MinimumVisualStudioVersion = 10.0.40219.1
Project("{FAE04EC0-301F-11D3-BF4B-00C04F79EFBC}") = "tugas-6-vinasukasih-xpplg1", "tugas-6-vinasukasih-xpplg1.csproj", "{CDE1D112-8F51-461B-BA8F-EB379DD5A4DF}"
EndProject
Global
	GlobalSection(SolutionConfigurationPlatforms) = preSolution
		Debug|Any CPU = Debug|Any CPU
		Release|Any CPU = Release|Any CPU
	EndGlobalSection
	GlobalSection(ProjectConfigurationPlatforms) = postSolution
		{CDE1D112-8F51-461B-BA8F-EB379DD5A4DF}.Debug|Any CPU.ActiveCfg = Debug|Any CPU
		{CDE1D112-8F51-461B-BA8F-EB379DD5A4DF}.Debug|Any CPU.Build.0 = Debug|Any CPU
		{CDE1D112-8F51-461B-BA8F-EB379DD5A4DF}.Release|Any CPU.ActiveCfg = Release|Any CPU
		{CDE1D112-8F51-461B-BA8F-EB379DD5A4DF}.Release|Any CPU.Build.0 = Release|Any CPU
	EndGlobalSection
	GlobalSection(SolutionProperties) = preSolution
		HideSolutionNode = FALSE
	EndGlobalSection
	GlobalSection(ExtensibilityGlobals) = postSolution
		SolutionGuid = {14C0080E-EF1B-4A52-94DD-57A8479E1BEA}
	EndGlobalSection
EndGlobal
